
Microsoft Visual Studio Solution File, Format Version 12.00
# Visual Studio 15
VisualStudioVersion = 15.0.28307.438
MinimumVisualStudioVersion = 10.0.40219.1
Project("{FAE04EC0-301F-11D3-BF4B-00C04F79EFBC}") = "MSSA QuickSort and MergeSort", "MSSA QuickSort and MergeSort\MSSA QuickSort and MergeSort.csproj", "{449789BF-2A97-49CE-8E30-322F8E5E9A1A}"
EndProject
Global
	GlobalSection(SolutionConfigurationPlatforms) = preSolution
		Debug|Any CPU = Debug|Any CPU
		Release|Any CPU = Release|Any CPU
	EndGlobalSection
	GlobalSection(ProjectConfigurationPlatforms) = postSolution
		{449789BF-2A97-49CE-8E30-322F8E5E9A1A}.Debug|Any CPU.ActiveCfg = Debug|Any CPU
		{449789BF-2A97-49CE-8E30-322F8E5E9A1A}.Debug|Any CPU.Build.0 = Debug|Any CPU
		{449789BF-2A97-49CE-8E30-322F8E5E9A1A}.Release|Any CPU.ActiveCfg = Release|Any CPU
		{449789BF-2A97-49CE-8E30-322F8E5E9A1A}.Release|Any CPU.Build.0 = Release|Any CPU
	EndGlobalSection
	GlobalSection(SolutionProperties) = preSolution
		HideSolutionNode = FALSE
	EndGlobalSection
	GlobalSection(ExtensibilityGlobals) = postSolution
		SolutionGuid = {9875480E-B0C5-42DE-A811-1A15BAF4DF48}
	EndGlobalSection
EndGlobal
